// !$*UTF8*$!
{
	archiveVersion = 1;
	classes = {
	};
	objectVersion = 56;
	objects = {

/* Begin PBXBuildFile section */
		B528C43BC59B5AD66534BCBE /* Pods_XYGamesDemo.framework in Frameworks */ = {isa = PBXBuildFile; fileRef = AFF54DA97A03EA223F2E37DD /* Pods_XYGamesDemo.framework */; };
		DA50149B2B0E10CB002A1A9A /* AppDelegate.m in Sources */ = {isa = PBXBuildFile; fileRef = DA50149A2B0E10CB002A1A9A /* AppDelegate.m */; };
		DA5014A42B0E10CB002A1A9A /* Main.storyboard in Resources */ = {isa = PBXBuildFile; fileRef = DA5014A22B0E10CB002A1A9A /* Main.storyboard */; };
		DA5014A62B0E10CD002A1A9A /* Assets.xcassets in Resources */ = {isa = PBXBuildFile; fileRef = DA5014A52B0E10CD002A1A9A /* Assets.xcassets */; };
		DA5014A92B0E10CD002A1A9A /* LaunchScreen.storyboard in Resources */ = {isa = PBXBuildFile; fileRef = DA5014A72B0E10CD002A1A9A /* LaunchScreen.storyboard */; };
		DA5014AC2B0E10CD002A1A9A /* main.m in Sources */ = {isa = PBXBuildFile; fileRef = DA5014AB2B0E10CD002A1A9A /* main.m */; };
		DA5014B42B0E1195002A1A9A /* File.swift in Sources */ = {isa = PBXBuildFile; fileRef = DA5014B32B0E1195002A1A9A /* File.swift */; };
		DACEB9402B0EF8FE00B94A5F /* NGMainVC.m in Sources */ = {isa = PBXBuildFile; fileRef = DACEB93E2B0EF8FE00B94A5F /* NGMainVC.m */; };
		DACEB9432B0F0BD400B94A5F /* NGSwiftVC.swift in Sources */ = {isa = PBXBuildFile; fileRef = DACEB9422B0F0BD300B94A5F /* NGSwiftVC.swift */; };
/* End PBXBuildFile section */

/* Begin PBXFileReference section */
		0B32AC6F5FABF192498BBD48 /* Pods-XYGamesDemo.release.xcconfig */ = {isa = PBXFileReference; includeInIndex = 1; lastKnownFileType = text.xcconfig; name = "Pods-XYGamesDemo.release.xcconfig"; path = "Target Support Files/Pods-XYGamesDemo/Pods-XYGamesDemo.release.xcconfig"; sourceTree = "<group>"; };
		226EE12B20B94D4C29275BF2 /* Pods-XYGamesDemo.debug.xcconfig */ = {isa = PBXFileReference; includeInIndex = 1; lastKnownFileType = text.xcconfig; name = "Pods-XYGamesDemo.debug.xcconfig"; path = "Target Support Files/Pods-XYGamesDemo/Pods-XYGamesDemo.debug.xcconfig"; sourceTree = "<group>"; };
		AFF54DA97A03EA223F2E37DD /* Pods_XYGamesDemo.framework */ = {isa = PBXFileReference; explicitFileType = wrapper.framework; includeInIndex = 0; path = Pods_XYGamesDemo.framework; sourceTree = BUILT_PRODUCTS_DIR; };
		DA5014962B0E10CB002A1A9A /* XYGamesDemo.app */ = {isa = PBXFileReference; explicitFileType = wrapper.application; includeInIndex = 0; path = XYGamesDemo.app; sourceTree = BUILT_PRODUCTS_DIR; };
		DA5014992B0E10CB002A1A9A /* AppDelegate.h */ = {isa = PBXFileReference; lastKnownFileType = sourcecode.c.h; path = AppDelegate.h; sourceTree = "<group>"; };
		DA50149A2B0E10CB002A1A9A /* AppDelegate.m */ = {isa = PBXFileReference; lastKnownFileType = sourcecode.c.objc; path = AppDelegate.m; sourceTree = "<group>"; };
		DA5014A32B0E10CB002A1A9A /* Base */ = {isa = PBXFileReference; lastKnownFileType = file.storyboard; name = Base; path = Base.lproj/Main.storyboard; sourceTree = "<group>"; };
		DA5014A52B0E10CD002A1A9A /* Assets.xcassets */ = {isa = PBXFileReference; lastKnownFileType = folder.assetcatalog; path = Assets.xcassets; sourceTree = "<group>"; };
		DA5014A82B0E10CD002A1A9A /* Base */ = {isa = PBXFileReference; lastKnownFileType = file.storyboard; name = Base; path = Base.lproj/LaunchScreen.storyboard; sourceTree = "<group>"; };
		DA5014AA2B0E10CD002A1A9A /* Info.plist */ = {isa = PBXFileReference; lastKnownFileType = text.plist.xml; path = Info.plist; sourceTree = "<group>"; };
		DA5014AB2B0E10CD002A1A9A /* main.m */ = {isa = PBXFileReference; lastKnownFileType = sourcecode.c.objc; path = main.m; sourceTree = "<group>"; };
		DA5014B22B0E1194002A1A9A /* XYGamesDemo-Bridging-Header.h */ = {isa = PBXFileReference; lastKnownFileType = sourcecode.c.h; path = "XYGamesDemo-Bridging-Header.h"; sourceTree = "<group>"; };
		DA5014B32B0E1195002A1A9A /* File.swift */ = {isa = PBXFileReference; lastKnownFileType = sourcecode.swift; path = File.swift; sourceTree = "<group>"; };
		DACEB93E2B0EF8FE00B94A5F /* NGMainVC.m */ = {isa = PBXFileReference; fileEncoding = 4; lastKnownFileType = sourcecode.c.objc; path = NGMainVC.m; sourceTree = "<group>"; };
		DACEB93F2B0EF8FE00B94A5F /* NGMainVC.h */ = {isa = PBXFileReference; fileEncoding = 4; lastKnownFileType = sourcecode.c.h; path = NGMainVC.h; sourceTree = "<group>"; };
		DACEB9422B0F0BD300B94A5F /* NGSwiftVC.swift */ = {isa = PBXFileReference; fileEncoding = 4; lastKnownFileType = sourcecode.swift; path = NGSwiftVC.swift; sourceTree = "<group>"; };
/* End PBXFileReference section */

/* Begin PBXFrameworksBuildPhase section */
		DA5014932B0E10CB002A1A9A /* Frameworks */ = {
			isa = PBXFrameworksBuildPhase;
			buildActionMask = 2147483647;
			files = (
				B528C43BC59B5AD66534BCBE /* Pods_XYGamesDemo.framework in Frameworks */,
			);
			runOnlyForDeploymentPostprocessing = 0;
		};
/* End PBXFrameworksBuildPhase section */

/* Begin PBXGroup section */
		409468893182DD167A997945 /* Pods */ = {
			isa = PBXGroup;
			children = (
				226EE12B20B94D4C29275BF2 /* Pods-XYGamesDemo.debug.xcconfig */,
				0B32AC6F5FABF192498BBD48 /* Pods-XYGamesDemo.release.xcconfig */,
			);
			path = Pods;
			sourceTree = "<group>";
		};
		48E2CC6D59F75D12AE37A25E /* Frameworks */ = {
			isa = PBXGroup;
			children = (
				AFF54DA97A03EA223F2E37DD /* Pods_XYGamesDemo.framework */,
			);
			name = Frameworks;
			sourceTree = "<group>";
		};
		DA50148D2B0E10CB002A1A9A = {
			isa = PBXGroup;
			children = (
				DA5014982B0E10CB002A1A9A /* XYGamesDemo */,
				DA5014972B0E10CB002A1A9A /* Products */,
				409468893182DD167A997945 /* Pods */,
				48E2CC6D59F75D12AE37A25E /* Frameworks */,
			);
			sourceTree = "<group>";
		};
		DA5014972B0E10CB002A1A9A /* Products */ = {
			isa = PBXGroup;
			children = (
				DA5014962B0E10CB002A1A9A /* XYGamesDemo.app */,
			);
			name = Products;
			sourceTree = "<group>";
		};
		DA5014982B0E10CB002A1A9A /* XYGamesDemo */ = {
			isa = PBXGroup;
			children = (
				DA5014992B0E10CB002A1A9A /* AppDelegate.h */,
				DA50149A2B0E10CB002A1A9A /* AppDelegate.m */,
				DACEB93F2B0EF8FE00B94A5F /* NGMainVC.h */,
				DACEB93E2B0EF8FE00B94A5F /* NGMainVC.m */,
				DACEB9422B0F0BD300B94A5F /* NGSwiftVC.swift */,
				DA5014A22B0E10CB002A1A9A /* Main.storyboard */,
				DA5014A52B0E10CD002A1A9A /* Assets.xcassets */,
				DA5014A72B0E10CD002A1A9A /* LaunchScreen.storyboard */,
				DA5014AA2B0E10CD002A1A9A /* Info.plist */,
				DA5014AB2B0E10CD002A1A9A /* main.m */,
				DA5014B32B0E1195002A1A9A /* File.swift */,
				DA5014B22B0E1194002A1A9A /* XYGamesDemo-Bridging-Header.h */,
			);
			path = XYGamesDemo;
			sourceTree = "<group>";
		};
/* End PBXGroup section */

/* Begin PBXNativeTarget section */
		DA5014952B0E10CB002A1A9A /* XYGamesDemo */ = {
			isa = PBXNativeTarget;
			buildConfigurationList = DA5014AF2B0E10CD002A1A9A /* Build configuration list for PBXNativeTarget "XYGamesDemo" */;
			buildPhases = (
				300615E02A1F09BB83634553 /* [CP] Check Pods Manifest.lock */,
				DA5014922B0E10CB002A1A9A /* Sources */,
				DA5014932B0E10CB002A1A9A /* Frameworks */,
				DA5014942B0E10CB002A1A9A /* Resources */,
				C0BCA44EB89156B72F6F9CC3 /* [CP] Embed Pods Frameworks */,
			);
			buildRules = (
			);
			dependencies = (
			);
			name = XYGamesDemo;
			productName = XYGamesDemo;
			productReference = DA5014962B0E10CB002A1A9A /* XYGamesDemo.app */;
			productType = "com.apple.product-type.application";
		};
/* End PBXNativeTarget section */

/* Begin PBXProject section */
		DA50148E2B0E10CB002A1A9A /* Project object */ = {
			isa = PBXProject;
			attributes = {
				BuildIndependentTargetsInParallel = 1;
				LastUpgradeCheck = 1500;
				TargetAttributes = {
					DA5014952B0E10CB002A1A9A = {
						CreatedOnToolsVersion = 15.0.1;
						LastSwiftMigration = 1500;
					};
				};
			};
			buildConfigurationList = DA5014912B0E10CB002A1A9A /* Build configuration list for PBXProject "XYGamesDemo" */;
			compatibilityVersion = "Xcode 14.0";
			developmentRegion = en;
			hasScannedForEncodings = 0;
			knownRegions = (
				en,
				Base,
			);
			mainGroup = DA50148D2B0E10CB002A1A9A;
			productRefGroup = DA5014972B0E10CB002A1A9A /* Products */;
			projectDirPath = "";
			projectRoot = "";
			targets = (
				DA5014952B0E10CB002A1A9A /* XYGamesDemo */,
			);
		};
/* End PBXProject section */

/* Begin PBXResourcesBuildPhase section */
		DA5014942B0E10CB002A1A9A /* Resources */ = {
			isa = PBXResourcesBuildPhase;
			buildActionMask = 2147483647;
			files = (
				DA5014A92B0E10CD002A1A9A /* LaunchScreen.storyboard in Resources */,
				DA5014A62B0E10CD002A1A9A /* Assets.xcassets in Resources */,
				DA5014A42B0E10CB002A1A9A /* Main.storyboard in Resources */,
			);
			runOnlyForDeploymentPostprocessing = 0;
		};
/* End PBXResourcesBuildPhase section */

/* Begin PBXShellScriptBuildPhase section */
		300615E02A1F09BB83634553 /* [CP] Check Pods Manifest.lock */ = {
			isa = PBXShellScriptBuildPhase;
			buildActionMask = 2147483647;
			files = (
			);
			inputFileListPaths = (
			);
			inputPaths = (
				"${PODS_PODFILE_DIR_PATH}/Podfile.lock",
				"${PODS_ROOT}/Manifest.lock",
			);
			name = "[CP] Check Pods Manifest.lock";
			outputFileListPaths = (
			);
			outputPaths = (
				"$(DERIVED_FILE_DIR)/Pods-XYGamesDemo-checkManifestLockResult.txt",
			);
			runOnlyForDeploymentPostprocessing = 0;
			shellPath = /bin/sh;
			shellScript = "diff \"${PODS_PODFILE_DIR_PATH}/Podfile.lock\" \"${PODS_ROOT}/Manifest.lock\" > /dev/null\nif [ $? != 0 ] ; then\n    # print error to STDERR\n    echo \"error: The sandbox is not in sync with the Podfile.lock. Run 'pod install' or update your CocoaPods installation.\" >&2\n    exit 1\nfi\n# This output is used by Xcode 'outputs' to avoid re-running this script phase.\necho \"SUCCESS\" > \"${SCRIPT_OUTPUT_FILE_0}\"\n";
			showEnvVarsInLog = 0;
		};
		C0BCA44EB89156B72F6F9CC3 /* [CP] Embed Pods Frameworks */ = {
			isa = PBXShellScriptBuildPhase;
			buildActionMask = 2147483647;
			files = (
			);
			inputFileListPaths = (
				"${PODS_ROOT}/Target Support Files/Pods-XYGamesDemo/Pods-XYGamesDemo-frameworks-${CONFIGURATION}-input-files.xcfilelist",
			);
			name = "[CP] Embed Pods Frameworks";
			outputFileListPaths = (
				"${PODS_ROOT}/Target Support Files/Pods-XYGamesDemo/Pods-XYGamesDemo-frameworks-${CONFIGURATION}-output-files.xcfilelist",
			);
			runOnlyForDeploymentPostprocessing = 0;
			shellPath = /bin/sh;
			shellScript = "\"${PODS_ROOT}/Target Support Files/Pods-XYGamesDemo/Pods-XYGamesDemo-frameworks.sh\"\n";
			showEnvVarsInLog = 0;
		};
/* End PBXShellScriptBuildPhase section */

/* Begin PBXSourcesBuildPhase section */
		DA5014922B0E10CB002A1A9A /* Sources */ = {
			isa = PBXSourcesBuildPhase;
			buildActionMask = 2147483647;
			files = (
				DA5014B42B0E1195002A1A9A /* File.swift in Sources */,
				DA50149B2B0E10CB002A1A9A /* AppDelegate.m in Sources */,
				DACEB9432B0F0BD400B94A5F /* NGSwiftVC.swift in Sources */,
				DA5014AC2B0E10CD002A1A9A /* main.m in Sources */,
				DACEB9402B0EF8FE00B94A5F /* NGMainVC.m in Sources */,
			);
			runOnlyForDeploymentPostprocessing = 0;
		};
/* End PBXSourcesBuildPhase section */

/* Begin PBXVariantGroup section */
		DA5014A22B0E10CB002A1A9A /* Main.storyboard */ = {
			isa = PBXVariantGroup;
			children = (
				DA5014A32B0E10CB002A1A9A /* Base */,
			);
			name = Main.storyboard;
			sourceTree = "<group>";
		};
		DA5014A72B0E10CD002A1A9A /* LaunchScreen.storyboard */ = {
			isa = PBXVariantGroup;
			children = (
				DA5014A82B0E10CD002A1A9A /* Base */,
			);
			name = LaunchScreen.storyboard;
			sourceTree = "<group>";
		};
/* End PBXVariantGroup section */

/* Begin XCBuildConfiguration section */
		DA5014AD2B0E10CD002A1A9A /* Debug */ = {
			isa = XCBuildConfiguration;
			buildSettings = {
				ALWAYS_SEARCH_USER_PATHS = NO;
				ASSETCATALOG_COMPILER_GENERATE_SWIFT_ASSET_SYMBOL_EXTENSIONS = YES;
				CLANG_ANALYZER_NONNULL = YES;
				CLANG_ANALYZER_NUMBER_OBJECT_CONVERSION = YES_AGGRESSIVE;
				CLANG_CXX_LANGUAGE_STANDARD = "gnu++20";
				CLANG_ENABLE_MODULES = YES;
				CLANG_ENABLE_OBJC_ARC = YES;
				CLANG_ENABLE_OBJC_WEAK = YES;
				CLANG_WARN_BLOCK_CAPTURE_AUTORELEASING = YES;
				CLANG_WARN_BOOL_CONVERSION = YES;
				CLANG_WARN_COMMA = YES;
				CLANG_WARN_CONSTANT_CONVERSION = YES;
				CLANG_WARN_DEPRECATED_OBJC_IMPLEMENTATIONS = YES;
				CLANG_WARN_DIRECT_OBJC_ISA_USAGE = YES_ERROR;
				CLANG_WARN_DOCUMENTATION_COMMENTS = YES;
				CLANG_WARN_EMPTY_BODY = YES;
				CLANG_WARN_ENUM_CONVERSION = YES;
				CLANG_WARN_INFINITE_RECURSION = YES;
				CLANG_WARN_INT_CONVERSION = YES;
				CLANG_WARN_NON_LITERAL_NULL_CONVERSION = YES;
				CLANG_WARN_OBJC_IMPLICIT_RETAIN_SELF = YES;
				CLANG_WARN_OBJC_LITERAL_CONVERSION = YES;
				CLANG_WARN_OBJC_ROOT_CLASS = YES_ERROR;
				CLANG_WARN_QUOTED_INCLUDE_IN_FRAMEWORK_HEADER = YES;
				CLANG_WARN_RANGE_LOOP_ANALYSIS = YES;
				CLANG_WARN_STRICT_PROTOTYPES = YES;
				CLANG_WARN_SUSPICIOUS_MOVE = YES;
				CLANG_WARN_UNGUARDED_AVAILABILITY = YES_AGGRESSIVE;
				CLANG_WARN_UNREACHABLE_CODE = YES;
				CLANG_WARN__DUPLICATE_METHOD_MATCH = YES;
				COPY_PHASE_STRIP = NO;
				DEBUG_INFORMATION_FORMAT = dwarf;
				ENABLE_STRICT_OBJC_MSGSEND = YES;
				ENABLE_TESTABILITY = YES;
				ENABLE_USER_SCRIPT_SANDBOXING = YES;
				GCC_C_LANGUAGE_STANDARD = gnu17;
				GCC_DYNAMIC_NO_PIC = NO;
				GCC_NO_COMMON_BLOCKS = YES;
				GCC_OPTIMIZATION_LEVEL = 0;
				GCC_PREPROCESSOR_DEFINITIONS = (
					"DEBUG=1",
					"$(inherited)",
				);
				GCC_WARN_64_TO_32_BIT_CONVERSION = YES;
				GCC_WARN_ABOUT_RETURN_TYPE = YES_ERROR;
				GCC_WARN_UNDECLARED_SELECTOR = YES;
				GCC_WARN_UNINITIALIZED_AUTOS = YES_AGGRESSIVE;
				GCC_WARN_UNUSED_FUNCTION = YES;
				GCC_WARN_UNUSED_VARIABLE = YES;
				IPHONEOS_DEPLOYMENT_TARGET = 17.0;
				LOCALIZATION_PREFERS_STRING_CATALOGS = YES;
				MTL_ENABLE_DEBUG_INFO = INCLUDE_SOURCE;
				MTL_FAST_MATH = YES;
				ONLY_ACTIVE_ARCH = YES;
				SDKROOT = iphoneos;
			};
			name = Debug;
		};
		DA5014AE2B0E10CD002A1A9A /* Release */ = {
			isa = XCBuildConfiguration;
			buildSettings = {
				ALWAYS_SEARCH_USER_PATHS = NO;
				ASSETCATALOG_COMPILER_GENERATE_SWIFT_ASSET_SYMBOL_EXTENSIONS = YES;
				CLANG_ANALYZER_NONNULL = YES;
				CLANG_ANALYZER_NUMBER_OBJECT_CONVERSION = YES_AGGRESSIVE;
				CLANG_CXX_LANGUAGE_STANDARD = "gnu++20";
				CLANG_ENABLE_MODULES = YES;
				CLANG_ENABLE_OBJC_ARC = YES;
				CLANG_ENABLE_OBJC_WEAK = YES;
				CLANG_WARN_BLOCK_CAPTURE_AUTORELEASING = YES;
				CLANG_WARN_BOOL_CONVERSION = YES;
				CLANG_WARN_COMMA = YES;
				CLANG_WARN_CONSTANT_CONVERSION = YES;
				CLANG_WARN_DEPRECATED_OBJC_IMPLEMENTATIONS = YES;
				CLANG_WARN_DIRECT_OBJC_ISA_USAGE = YES_ERROR;
				CLANG_WARN_DOCUMENTATION_COMMENTS = YES;
				CLANG_WARN_EMPTY_BODY = YES;
				CLANG_WARN_ENUM_CONVERSION = YES;
				CLANG_WARN_INFINITE_RECURSION = YES;
				CLANG_WARN_INT_CONVERSION = YES;
				CLANG_WARN_NON_LITERAL_NULL_CONVERSION = YES;
				CLANG_WARN_OBJC_IMPLICIT_RETAIN_SELF = YES;
				CLANG_WARN_OBJC_LITERAL_CONVERSION = YES;
				CLANG_WARN_OBJC_ROOT_CLASS = YES_ERROR;
				CLANG_WARN_QUOTED_INCLUDE_IN_FRAMEWORK_HEADER = YES;
				CLANG_WARN_RANGE_LOOP_ANALYSIS = YES;
				CLANG_WARN_STRICT_PROTOTYPES = YES;
				CLANG_WARN_SUSPICIOUS_MOVE = YES;
				CLANG_WARN_UNGUARDED_AVAILABILITY = YES_AGGRESSIVE;
				CLANG_WARN_UNREACHABLE_CODE = YES;
				CLANG_WARN__DUPLICATE_METHOD_MATCH = YES;
				COPY_PHASE_STRIP = NO;
				DEBUG_INFORMATION_FORMAT = "dwarf-with-dsym";
				ENABLE_NS_ASSERTIONS = NO;
				ENABLE_STRICT_OBJC_MSGSEND = YES;
				ENABLE_USER_SCRIPT_SANDBOXING = YES;
				GCC_C_LANGUAGE_STANDARD = gnu17;
				GCC_NO_COMMON_BLOCKS = YES;
				GCC_WARN_64_TO_32_BIT_CONVERSION = YES;
				GCC_WARN_ABOUT_RETURN_TYPE = YES_ERROR;
				GCC_WARN_UNDECLARED_SELECTOR = YES;
				GCC_WARN_UNINITIALIZED_AUTOS = YES_AGGRESSIVE;
				GCC_WARN_UNUSED_FUNCTION = YES;
				GCC_WARN_UNUSED_VARIABLE = YES;
				IPHONEOS_DEPLOYMENT_TARGET = 17.0;
				LOCALIZATION_PREFERS_STRING_CATALOGS = YES;
				MTL_ENABLE_DEBUG_INFO = NO;
				MTL_FAST_MATH = YES;
				SDKROOT = iphoneos;
				VALIDATE_PRODUCT = YES;
			};
			name = Release;
		};
		DA5014B02B0E10CD002A1A9A /* Debug */ = {
			isa = XCBuildConfiguration;
			baseConfigurationReference = 226EE12B20B94D4C29275BF2 /* Pods-XYGamesDemo.debug.xcconfig */;
			buildSettings = {
				ASSETCATALOG_COMPILER_APPICON_NAME = AppIcon;
				ASSETCATALOG_COMPILER_GLOBAL_ACCENT_COLOR_NAME = AccentColor;
				CLANG_ENABLE_MODULES = YES;
				CODE_SIGN_STYLE = Automatic;
				CURRENT_PROJECT_VERSION = 1;
				DEVELOPMENT_TEAM = 72YZ9S75TT;
				ENABLE_USER_SCRIPT_SANDBOXING = NO;
				GENERATE_INFOPLIST_FILE = YES;
				HEADER_SEARCH_PATHS = (
					"$(inherited)",
					"\"${PODS_ROOT}/Headers/Public\"",
					"\"${PODS_ROOT}/Headers/Public/RxCocoa\"",
					"\"${PODS_ROOT}/Headers/Public/SVProgressHUD\"",
					"\"${PODS_ROOT}/Headers/Public/XYGamesKit\"",
					"\"${PODS_XCFRAMEWORKS_BUILD_DIR}/WechatOpenSDK-XCFramework/Headers\"",
				);
				INFOPLIST_FILE = XYGamesDemo/Info.plist;
				INFOPLIST_KEY_UIApplicationSupportsIndirectInputEvents = YES;
				INFOPLIST_KEY_UILaunchStoryboardName = LaunchScreen;
				INFOPLIST_KEY_UIMainStoryboardFile = Main;
				INFOPLIST_KEY_UISupportedInterfaceOrientations_iPad = "UIInterfaceOrientationPortrait UIInterfaceOrientationPortraitUpsideDown UIInterfaceOrientationLandscapeLeft UIInterfaceOrientationLandscapeRight";
				INFOPLIST_KEY_UISupportedInterfaceOrientations_iPhone = "UIInterfaceOrientationPortrait UIInterfaceOrientationLandscapeLeft UIInterfaceOrientationLandscapeRight";
				IPHONEOS_DEPLOYMENT_TARGET = 12.0;
				LD_RUNPATH_SEARCH_PATHS = (
					"$(inherited)",
					"@executable_path/Frameworks",
				);
				MARKETING_VERSION = 1.0;
				PRODUCT_BUNDLE_IDENTIFIER = x.g.y;
				PRODUCT_NAME = "$(TARGET_NAME)";
				SWIFT_EMIT_LOC_STRINGS = YES;
				SWIFT_OBJC_BRIDGING_HEADER = "XYGamesDemo/XYGamesDemo-Bridging-Header.h";
				SWIFT_OPTIMIZATION_LEVEL = "-Onone";
				SWIFT_VERSION = 5.0;
				TARGETED_DEVICE_FAMILY = "1,2";
			};
			name = Debug;
		};
		DA5014B12B0E10CD002A1A9A /* Release */ = {
			isa = XCBuildConfiguration;
			baseConfigurationReference = 0B32AC6F5FABF192498BBD48 /* Pods-XYGamesDemo.release.xcconfig */;
			buildSettings = {
				ASSETCATALOG_COMPILER_APPICON_NAME = AppIcon;
				ASSETCATALOG_COMPILER_GLOBAL_ACCENT_COLOR_NAME = AccentColor;
				CLANG_ENABLE_MODULES = YES;
				CODE_SIGN_STYLE = Automatic;
				CURRENT_PROJECT_VERSION = 1;
				DEVELOPMENT_TEAM = 72YZ9S75TT;
				ENABLE_USER_SCRIPT_SANDBOXING = NO;
				GENERATE_INFOPLIST_FILE = YES;
				HEADER_SEARCH_PATHS = (
					"$(inherited)",
					"\"${PODS_ROOT}/Headers/Public\"",
					"\"${PODS_ROOT}/Headers/Public/RxCocoa\"",
					"\"${PODS_ROOT}/Headers/Public/SVProgressHUD\"",
					"\"${PODS_ROOT}/Headers/Public/XYGamesKit\"",
					"\"${PODS_XCFRAMEWORKS_BUILD_DIR}/WechatOpenSDK-XCFramework/Headers\"",
				);
				INFOPLIST_FILE = XYGamesDemo/Info.plist;
				INFOPLIST_KEY_UIApplicationSupportsIndirectInputEvents = YES;
				INFOPLIST_KEY_UILaunchStoryboardName = LaunchScreen;
				INFOPLIST_KEY_UIMainStoryboardFile = Main;
				INFOPLIST_KEY_UISupportedInterfaceOrientations_iPad = "UIInterfaceOrientationPortrait UIInterfaceOrientationPortraitUpsideDown UIInterfaceOrientationLandscapeLeft UIInterfaceOrientationLandscapeRight";
				INFOPLIST_KEY_UISupportedInterfaceOrientations_iPhone = "UIInterfaceOrientationPortrait UIInterfaceOrientationLandscapeLeft UIInterfaceOrientationLandscapeRight";
				IPHONEOS_DEPLOYMENT_TARGET = 12.0;
				LD_RUNPATH_SEARCH_PATHS = (
					"$(inherited)",
					"@executable_path/Frameworks",
				);
				MARKETING_VERSION = 1.0;
				PRODUCT_BUNDLE_IDENTIFIER = x.g.y;
				PRODUCT_NAME = "$(TARGET_NAME)";
				SWIFT_EMIT_LOC_STRINGS = YES;
				SWIFT_OBJC_BRIDGING_HEADER = "XYGamesDemo/XYGamesDemo-Bridging-Header.h";
				SWIFT_VERSION = 5.0;
				TARGETED_DEVICE_FAMILY = "1,2";
			};
			name = Release;
		};
/* End XCBuildConfiguration section */

/* Begin XCConfigurationList section */
		DA5014912B0E10CB002A1A9A /* Build configuration list for PBXProject "XYGamesDemo" */ = {
			isa = XCConfigurationList;
			buildConfigurations = (
				DA5014AD2B0E10CD002A1A9A /* Debug */,
				DA5014AE2B0E10CD002A1A9A /* Release */,
			);
			defaultConfigurationIsVisible = 0;
			defaultConfigurationName = Release;
		};
		DA5014AF2B0E10CD002A1A9A /* Build configuration list for PBXNativeTarget "XYGamesDemo" */ = {
			isa = XCConfigurationList;
			buildConfigurations = (
				DA5014B02B0E10CD002A1A9A /* Debug */,
				DA5014B12B0E10CD002A1A9A /* Release */,
			);
			defaultConfigurationIsVisible = 0;
			defaultConfigurationName = Release;
		};
/* End XCConfigurationList section */
	};
	rootObject = DA50148E2B0E10CB002A1A9A /* Project object */;
}
