PODS:
  - CryptoSwift (1.8.0)
  - RxCocoa (6.6.0):
    - RxRelay (= 6.6.0)
    - RxSwift (= 6.6.0)
  - RxRelay (6.6.0):
    - RxSwift (= 6.6.0)
  - RxSwift (6.6.0)
  - SnapKit (5.6.0)
  - XYGamesKit (1.0.0):
    - CryptoSwift (~> 1.8.0)
    - RxCocoa (~> 6.6.0)
    - RxSwift (~> 6.6.0)
    - SnapKit (~> 5.6.0)

DEPENDENCIES:
  - XYGamesKit (from `../`)

SPEC REPOS:
  https://github.com/CocoaPods/Specs.git:
    - CryptoSwift
    - RxCocoa
    - RxRelay
    - RxSwift
    - SnapKit

EXTERNAL SOURCES:
  XYGamesKit:
    :path: "../"

SPEC CHECKSUMS:
  CryptoSwift: 52aaf3fce7337552863b1d952e408085f0e65030
  RxCocoa: 44a80de90e25b739b5aeaae3c8c371a32e3343cc
  RxRelay: 45eaa5db8ee4fb50e5ebd57deec0159e97fa51e6
  RxSwift: a4b44f7d24599f674deebd1818eab82e58410632
  SnapKit: e01d52ebb8ddbc333eefe2132acf85c8227d9c25
  XYGamesKit: 56a15c9521b4ebfa296e7df3b59216d5286d8aac

PODFILE CHECKSUM: b13a4a1b2d4c082c16085d58c19909f848711566

COCOAPODS: 1.14.3
